
Microsoft Visual Studio Solution File, Format Version 12.00
# Visual Studio 15
VisualStudioVersion = 15.0.28307.1145
MinimumVisualStudioVersion = 10.0.40219.1
Project("{8BC9CEB8-8B4A-11D0-8D11-00A0C91BC942}") = "Chapter1_01", "Chapter1_01\Chapter1_01.vcxproj", "{31C6110B-9901-4C13-B634-9A5A75EA78AD}"
EndProject
Global
	GlobalSection(SolutionConfigurationPlatforms) = preSolution
		Debug|x64 = Debug|x64
		Debug|x86 = Debug|x86
		Release|x64 = Release|x64
		Release|x86 = Release|x86
	EndGlobalSection
	GlobalSection(ProjectConfigurationPlatforms) = postSolution
		{31C6110B-9901-4C13-B634-9A5A75EA78AD}.Debug|x64.ActiveCfg = Debug|x64
		{31C6110B-9901-4C13-B634-9A5A75EA78AD}.Debug|x64.Build.0 = Debug|x64
		{31C6110B-9901-4C13-B634-9A5A75EA78AD}.Debug|x86.ActiveCfg = Debug|Win32
		{31C6110B-9901-4C13-B634-9A5A75EA78AD}.Debug|x86.Build.0 = Debug|Win32
		{31C6110B-9901-4C13-B634-9A5A75EA78AD}.Release|x64.ActiveCfg = Release|x64
		{31C6110B-9901-4C13-B634-9A5A75EA78AD}.Release|x64.Build.0 = Release|x64
		{31C6110B-9901-4C13-B634-9A5A75EA78AD}.Release|x86.ActiveCfg = Release|Win32
		{31C6110B-9901-4C13-B634-9A5A75EA78AD}.Release|x86.Build.0 = Release|Win32
	EndGlobalSection
	GlobalSection(SolutionProperties) = preSolution
		HideSolutionNode = FALSE
	EndGlobalSection
	GlobalSection(ExtensibilityGlobals) = postSolution
		SolutionGuid = {F7B78CB5-F8D2-460A-9A98-E43CAAB1E743}
	EndGlobalSection
EndGlobal
